
Microsoft Visual Studio Solution File, Format Version 12.00
# Visual Studio Version 17
VisualStudioVersion = 17.3.32825.248
MinimumVisualStudioVersion = 10.0.40219.1
Project("{FAE04EC0-301F-11D3-BF4B-00C04F79EFBC}") = "CircleObjects", "CircleObjects.csproj", "{98AE9A94-34F2-4EA6-822B-98662817C823}"
EndProject
Global
	GlobalSection(SolutionConfigurationPlatforms) = preSolution
		Debug|Any CPU = Debug|Any CPU
		Release|Any CPU = Release|Any CPU
	EndGlobalSection
	GlobalSection(ProjectConfigurationPlatforms) = postSolution
		{98AE9A94-34F2-4EA6-822B-98662817C823}.Debug|Any CPU.ActiveCfg = Debug|Any CPU
		{98AE9A94-34F2-4EA6-822B-98662817C823}.Debug|Any CPU.Build.0 = Debug|Any CPU
		{98AE9A94-34F2-4EA6-822B-98662817C823}.Release|Any CPU.ActiveCfg = Release|Any CPU
		{98AE9A94-34F2-4EA6-822B-98662817C823}.Release|Any CPU.Build.0 = Release|Any CPU
	EndGlobalSection
	GlobalSection(SolutionProperties) = preSolution
		HideSolutionNode = FALSE
	EndGlobalSection
	GlobalSection(ExtensibilityGlobals) = postSolution
		SolutionGuid = {C0AFDEE4-5ED3-40A5-976F-E4079960E11E}
	EndGlobalSection
EndGlobal
